
Microsoft Visual Studio Solution File, Format Version 12.00
# Visual Studio 15
VisualStudioVersion = 15.0.28010.2019
MinimumVisualStudioVersion = 10.0.40219.1
Project("{FAE04EC0-301F-11D3-BF4B-00C04F79EFBC}") = "SimpleFunctionsLib", "SimpleFunctionsLib\SimpleFunctionsLib.csproj", "{37623DB2-7ECE-45D9-A73E-2C6EE12E564B}"
EndProject
Global
	GlobalSection(SolutionConfigurationPlatforms) = preSolution
		Debug|Any CPU = Debug|Any CPU
		Release|Any CPU = Release|Any CPU
	EndGlobalSection
	GlobalSection(ProjectConfigurationPlatforms) = postSolution
		{37623DB2-7ECE-45D9-A73E-2C6EE12E564B}.Debug|Any CPU.ActiveCfg = Debug|Any CPU
		{37623DB2-7ECE-45D9-A73E-2C6EE12E564B}.Debug|Any CPU.Build.0 = Debug|Any CPU
		{37623DB2-7ECE-45D9-A73E-2C6EE12E564B}.Release|Any CPU.ActiveCfg = Release|Any CPU
		{37623DB2-7ECE-45D9-A73E-2C6EE12E564B}.Release|Any CPU.Build.0 = Release|Any CPU
	EndGlobalSection
	GlobalSection(SolutionProperties) = preSolution
		HideSolutionNode = FALSE
	EndGlobalSection
	GlobalSection(ExtensibilityGlobals) = postSolution
		SolutionGuid = {808F8099-BDC0-4EC6-8667-6E068A1E1369}
	EndGlobalSection
EndGlobal
